lockfileVersion: '9.0'

settings:
  autoInstallPeers: true
  excludeLinksFromLockfile: false

importers:

  .:
    dependencies:
      generate-snake-animation:
        specifier: ^3.5.0
        version: 3.5.0

packages:

  generate-snake-animation@3.5.0:
    resolution: {integrity: sha512-65fbvqG7hfrJgCI7YA9l80MyWJGpY37dcfjNOB/VPfup3qMlRejKUvCAYXxrIRyzi/3TkfEybBr+iCOAqQyV+Q==}
    hasBin: true
    peerDependencies:
      canvas: 3.2.0
      gif-encoder-2: 1.0.5
      gifsicle: 5.3.0
    peerDependenciesMeta:
      canvas:
        optional: true
      gif-encoder-2:
        optional: true
      gifsicle:
        optional: true

snapshots:

  generate-snake-animation@3.5.0: {}
